
Microsoft Visual Studio Solution File, Format Version 12.00
# Visual Studio Version 16
VisualStudioVersion = 16.0.31112.23
MinimumVisualStudioVersion = 10.0.40219.1
Project("{9A19103F-16F7-4668-BE54-9A1E7A4F7556}") = "WorldCities", "WorldCities.csproj", "{0FBDC7FD-10B4-43E4-84F2-81387A55FADB}"
EndProject
Global
	GlobalSection(SolutionConfigurationPlatforms) = preSolution
		Debug|Any CPU = Debug|Any CPU
		Release|Any CPU = Release|Any CPU
	EndGlobalSection
	GlobalSection(ProjectConfigurationPlatforms) = postSolution
		{0FBDC7FD-10B4-43E4-84F2-81387A55FADB}.Debug|Any CPU.ActiveCfg = Debug|Any CPU
		{0FBDC7FD-10B4-43E4-84F2-81387A55FADB}.Debug|Any CPU.Build.0 = Debug|Any CPU
		{0FBDC7FD-10B4-43E4-84F2-81387A55FADB}.Release|Any CPU.ActiveCfg = Release|Any CPU
		{0FBDC7FD-10B4-43E4-84F2-81387A55FADB}.Release|Any CPU.Build.0 = Release|Any CPU
	EndGlobalSection
	GlobalSection(SolutionProperties) = preSolution
		HideSolutionNode = FALSE
	EndGlobalSection
	GlobalSection(ExtensibilityGlobals) = postSolution
		SolutionGuid = {B410FCB9-A417-4AB1-8361-FCF0B1DA1298}
	EndGlobalSection
EndGlobal
